
Microsoft Visual Studio Solution File, Format Version 12.00
# Visual Studio Version 17
VisualStudioVersion = 17.8.34525.116
MinimumVisualStudioVersion = 10.0.40219.1
Project("{9A19103F-16F7-4668-BE54-9A1E7A4F7556}") = "ShowCase-MVC", "ShowCase-MVC\ShowCase-MVC.csproj", "{EC4FCD5B-5104-417E-B2DC-533683EEC0F8}"
EndProject
Project("{9A19103F-16F7-4668-BE54-9A1E7A4F7556}") = "TestProject", "TestProject\TestProject.csproj", "{11EC8E00-4F35-4CF6-AD28-EFEE1BF149E2}"
	ProjectSection(ProjectDependencies) = postProject
		{EC4FCD5B-5104-417E-B2DC-533683EEC0F8} = {EC4FCD5B-5104-417E-B2DC-533683EEC0F8}
	EndProjectSection
EndProject
Project("{9A19103F-16F7-4668-BE54-9A1E7A4F7556}") = "RestApi", "..\showcase\RestAPITest\RestApi.csproj", "{D5B2514A-5204-4A6B-83BC-29915DEC7580}"
EndProject
Global
	GlobalSection(SolutionConfigurationPlatforms) = preSolution
		Debug|Any CPU = Debug|Any CPU
		Release|Any CPU = Release|Any CPU
	EndGlobalSection
	GlobalSection(ProjectConfigurationPlatforms) = postSolution
		{EC4FCD5B-5104-417E-B2DC-533683EEC0F8}.Debug|Any CPU.ActiveCfg = Debug|Any CPU
		{EC4FCD5B-5104-417E-B2DC-533683EEC0F8}.Debug|Any CPU.Build.0 = Debug|Any CPU
		{EC4FCD5B-5104-417E-B2DC-533683EEC0F8}.Release|Any CPU.ActiveCfg = Release|Any CPU
		{EC4FCD5B-5104-417E-B2DC-533683EEC0F8}.Release|Any CPU.Build.0 = Release|Any CPU
		{11EC8E00-4F35-4CF6-AD28-EFEE1BF149E2}.Debug|Any CPU.ActiveCfg = Debug|Any CPU
		{11EC8E00-4F35-4CF6-AD28-EFEE1BF149E2}.Debug|Any CPU.Build.0 = Debug|Any CPU
		{11EC8E00-4F35-4CF6-AD28-EFEE1BF149E2}.Release|Any CPU.ActiveCfg = Release|Any CPU
		{11EC8E00-4F35-4CF6-AD28-EFEE1BF149E2}.Release|Any CPU.Build.0 = Release|Any CPU
		{D5B2514A-5204-4A6B-83BC-29915DEC7580}.Debug|Any CPU.ActiveCfg = Debug|Any CPU
		{D5B2514A-5204-4A6B-83BC-29915DEC7580}.Debug|Any CPU.Build.0 = Debug|Any CPU
		{D5B2514A-5204-4A6B-83BC-29915DEC7580}.Release|Any CPU.ActiveCfg = Release|Any CPU
		{D5B2514A-5204-4A6B-83BC-29915DEC7580}.Release|Any CPU.Build.0 = Release|Any CPU
	EndGlobalSection
	GlobalSection(SolutionProperties) = preSolution
		HideSolutionNode = FALSE
	EndGlobalSection
	GlobalSection(ExtensibilityGlobals) = postSolution
		SolutionGuid = {106F4910-192C-4BF0-B781-1C59D6FD10B6}
	EndGlobalSection
EndGlobal
